
Microsoft Visual Studio Solution File, Format Version 12.00
# Visual Studio 14
VisualStudioVersion = 14.0.24720.0
MinimumVisualStudioVersion = 10.0.40219.1
Project("{2150E333-8FDC-42A3-9474-1A3956D46DE8}") = "Api", "Api", "{2CCC3E82-63A3-4119-8101-E1F9EF922ACC}"
EndProject
Project("{FAE04EC0-301F-11D3-BF4B-00C04F79EFBC}") = "Accessibilita.Web.Api.Sample", "Accessibilita.Web.Api.Sample\Accessibilita.Web.Api.Sample.csproj", "{70F90D13-373F-4924-8157-BB1FB75BE720}"
EndProject
Project("{2150E333-8FDC-42A3-9474-1A3956D46DE8}") = "04 - Data", "04 - Data", "{5E5CE4C4-83B0-44A7-9074-F7A0BB32405C}"
EndProject
Project("{FAE04EC0-301F-11D3-BF4B-00C04F79EFBC}") = "Accessibilita.Data", "Accessibilita.Data\Accessibilita.Data.csproj", "{06B5E5CB-3B02-45E8-B732-7DA766F988A0}"
EndProject
Project("{FAE04EC0-301F-11D3-BF4B-00C04F79EFBC}") = "Accessibilita.Data.Entities", "Accessibilita.Data.Entities\Accessibilita.Data.Entities.csproj", "{59A5DD20-4207-4ED9-A1DF-868D863CCD3C}"
EndProject
Project("{2150E333-8FDC-42A3-9474-1A3956D46DE8}") = "03 - Service", "03 - Service", "{DE0E3BF4-C42A-41E9-9D2A-47FFFFECEFD3}"
EndProject
Project("{FAE04EC0-301F-11D3-BF4B-00C04F79EFBC}") = "Accessibilita.Service", "Accessibilita.Service\Accessibilita.Service.csproj", "{0C72FB5A-9893-4070-8983-E87E602A9D23}"
EndProject
Project("{2150E333-8FDC-42A3-9474-1A3956D46DE8}") = "Test", "Test", "{590D5A0B-5AB3-4DC0-80F3-6AE57A4D4964}"
EndProject
Project("{FAE04EC0-301F-11D3-BF4B-00C04F79EFBC}") = "Accessibilita.Web.Api", "Accessibilita.Web.Api\Accessibilita.Web.Api.csproj", "{D1990E81-96C5-4B5F-8CB2-05028BDFB969}"
EndProject
Project("{FAE04EC0-301F-11D3-BF4B-00C04F79EFBC}") = "SharpSquare", "SharpSquare\SharpSquare.csproj", "{F6163F95-DA23-49C6-B58B-CEF0CF0B2C83}"
EndProject
Project("{2150E333-8FDC-42A3-9474-1A3956D46DE8}") = "ApiExternal", "ApiExternal", "{8FEA4BF6-D234-4388-8455-8C9CE4FC0EC4}"
EndProject
Project("{2150E333-8FDC-42A3-9474-1A3956D46DE8}") = "02 - App", "02 - App", "{D05A7EA1-CEC8-4A06-899B-0640041D8BA3}"
EndProject
Project("{262852C6-CD72-467D-83FE-5EEB1973A190}") = "Accessibilitta.App", "Accessibilitta.App\Accessibilitta.App.jsproj", "{AD3CE32B-152C-404B-BD65-F25B5D5B6AAF}"
EndProject
Project("{2150E333-8FDC-42A3-9474-1A3956D46DE8}") = "01 - Web", "01 - Web", "{A9CEDE3B-1EFB-493C-8B95-37A19F41B7DE}"
EndProject
Project("{FAE04EC0-301F-11D3-BF4B-00C04F79EFBC}") = "Accessibilitta.Web.Front", "Accessibilitta.Web.Front\Accessibilitta.Web.Front.csproj", "{47A24466-31A2-4884-A9CB-1F8FD538F8B9}"
EndProject
Project("{2150E333-8FDC-42A3-9474-1A3956D46DE8}") = "Front", "Front", "{8675D736-7299-420F-8D31-1D0F5C7B871F}"
EndProject
Global
	GlobalSection(SolutionConfigurationPlatforms) = preSolution
		Debug|Android = Debug|Android
		Debug|Any CPU = Debug|Any CPU
		Debug|iOS = Debug|iOS
		Debug|Windows Phone (Universal) = Debug|Windows Phone (Universal)
		Debug|Windows Phone 8 = Debug|Windows Phone 8
		Debug|Windows-AnyCPU = Debug|Windows-AnyCPU
		Debug|Windows-ARM = Debug|Windows-ARM
		Debug|Windows-x64 = Debug|Windows-x64
		Debug|Windows-x86 = Debug|Windows-x86
		Release|Android = Release|Android
		Release|Any CPU = Release|Any CPU
		Release|iOS = Release|iOS
		Release|Windows Phone (Universal) = Release|Windows Phone (Universal)
		Release|Windows Phone 8 = Release|Windows Phone 8
		Release|Windows-AnyCPU = Release|Windows-AnyCPU
		Release|Windows-ARM = Release|Windows-ARM
		Release|Windows-x64 = Release|Windows-x64
		Release|Windows-x86 = Release|Windows-x86
	EndGlobalSection
	GlobalSection(ProjectConfigurationPlatforms) = postSolution
		{70F90D13-373F-4924-8157-BB1FB75BE720}.Debug|Android.ActiveCfg = Debug|Any CPU
		{70F90D13-373F-4924-8157-BB1FB75BE720}.Debug|Android.Build.0 = Debug|Any CPU
		{70F90D13-373F-4924-8157-BB1FB75BE720}.Debug|Any CPU.ActiveCfg = Debug|Any CPU
		{70F90D13-373F-4924-8157-BB1FB75BE720}.Debug|Any CPU.Build.0 = Debug|Any CPU
		{70F90D13-373F-4924-8157-BB1FB75BE720}.Debug|iOS.ActiveCfg = Debug|Any CPU
		{70F90D13-373F-4924-8157-BB1FB75BE720}.Debug|iOS.Build.0 = Debug|Any CPU
		{70F90D13-373F-4924-8157-BB1FB75BE720}.Debug|Windows Phone (Universal).ActiveCfg = Debug|Any CPU
		{70F90D13-373F-4924-8157-BB1FB75BE720}.Debug|Windows Phone (Universal).Build.0 = Debug|Any CPU
		{70F90D13-373F-4924-8157-BB1FB75BE720}.Debug|Windows Phone 8.ActiveCfg = Debug|Any CPU
		{70F90D13-373F-4924-8157-BB1FB75BE720}.Debug|Windows Phone 8.Build.0 = Debug|Any CPU
		{70F90D13-373F-4924-8157-BB1FB75BE720}.Debug|Windows-AnyCPU.ActiveCfg = Debug|Any CPU
		{70F90D13-373F-4924-8157-BB1FB75BE720}.Debug|Windows-AnyCPU.Build.0 = Debug|Any CPU
		{70F90D13-373F-4924-8157-BB1FB75BE720}.Debug|Windows-ARM.ActiveCfg = Debug|Any CPU
		{70F90D13-373F-4924-8157-BB1FB75BE720}.Debug|Windows-ARM.Build.0 = Debug|Any CPU
		{70F90D13-373F-4924-8157-BB1FB75BE720}.Debug|Windows-x64.ActiveCfg = Debug|Any CPU
		{70F90D13-373F-4924-8157-BB1FB75BE720}.Debug|Windows-x64.Build.0 = Debug|Any CPU
		{70F90D13-373F-4924-8157-BB1FB75BE720}.Debug|Windows-x86.ActiveCfg = Debug|Any CPU
		{70F90D13-373F-4924-8157-BB1FB75BE720}.Debug|Windows-x86.Build.0 = Debug|Any CPU
		{70F90D13-373F-4924-8157-BB1FB75BE720}.Release|Android.ActiveCfg = Release|Any CPU
		{70F90D13-373F-4924-8157-BB1FB75BE720}.Release|Android.Build.0 = Release|Any CPU
		{70F90D13-373F-4924-8157-BB1FB75BE720}.Release|Any CPU.ActiveCfg = Release|Any CPU
		{70F90D13-373F-4924-8157-BB1FB75BE720}.Release|Any CPU.Build.0 = Release|Any CPU
		{70F90D13-373F-4924-8157-BB1FB75BE720}.Release|iOS.ActiveCfg = Release|Any CPU
		{70F90D13-373F-4924-8157-BB1FB75BE720}.Release|iOS.Build.0 = Release|Any CPU
		{70F90D13-373F-4924-8157-BB1FB75BE720}.Release|Windows Phone (Universal).ActiveCfg = Release|Any CPU
		{70F90D13-373F-4924-8157-BB1FB75BE720}.Release|Windows Phone (Universal).Build.0 = Release|Any CPU
		{70F90D13-373F-4924-8157-BB1FB75BE720}.Release|Windows Phone 8.ActiveCfg = Release|Any CPU
		{70F90D13-373F-4924-8157-BB1FB75BE720}.Release|Windows Phone 8.Build.0 = Release|Any CPU
		{70F90D13-373F-4924-8157-BB1FB75BE720}.Release|Windows-AnyCPU.ActiveCfg = Release|Any CPU
		{70F90D13-373F-4924-8157-BB1FB75BE720}.Release|Windows-AnyCPU.Build.0 = Release|Any CPU
		{70F90D13-373F-4924-8157-BB1FB75BE720}.Release|Windows-ARM.ActiveCfg = Release|Any CPU
		{70F90D13-373F-4924-8157-BB1FB75BE720}.Release|Windows-ARM.Build.0 = Release|Any CPU
		{70F90D13-373F-4924-8157-BB1FB75BE720}.Release|Windows-x64.ActiveCfg = Release|Any CPU
		{70F90D13-373F-4924-8157-BB1FB75BE720}.Release|Windows-x64.Build.0 = Release|Any CPU
		{70F90D13-373F-4924-8157-BB1FB75BE720}.Release|Windows-x86.ActiveCfg = Release|Any CPU
		{70F90D13-373F-4924-8157-BB1FB75BE720}.Release|Windows-x86.Build.0 = Release|Any CPU
		{06B5E5CB-3B02-45E8-B732-7DA766F988A0}.Debug|Android.ActiveCfg = Debug|Any CPU
		{06B5E5CB-3B02-45E8-B732-7DA766F988A0}.Debug|Android.Build.0 = Debug|Any CPU
		{06B5E5CB-3B02-45E8-B732-7DA766F988A0}.Debug|Any CPU.ActiveCfg = Debug|Any CPU
		{06B5E5CB-3B02-45E8-B732-7DA766F988A0}.Debug|Any CPU.Build.0 = Debug|Any CPU
		{06B5E5CB-3B02-45E8-B732-7DA766F988A0}.Debug|iOS.ActiveCfg = Debug|Any CPU
		{06B5E5CB-3B02-45E8-B732-7DA766F988A0}.Debug|iOS.Build.0 = Debug|Any CPU
		{06B5E5CB-3B02-45E8-B732-7DA766F988A0}.Debug|Windows Phone (Universal).ActiveCfg = Debug|Any CPU
		{06B5E5CB-3B02-45E8-B732-7DA766F988A0}.Debug|Windows Phone (Universal).Build.0 = Debug|Any CPU
		{06B5E5CB-3B02-45E8-B732-7DA766F988A0}.Debug|Windows Phone 8.ActiveCfg = Debug|Any CPU
		{06B5E5CB-3B02-45E8-B732-7DA766F988A0}.Debug|Windows Phone 8.Build.0 = Debug|Any CPU
		{06B5E5CB-3B02-45E8-B732-7DA766F988A0}.Debug|Windows-AnyCPU.ActiveCfg = Debug|Any CPU
		{06B5E5CB-3B02-45E8-B732-7DA766F988A0}.Debug|Windows-AnyCPU.Build.0 = Debug|Any CPU
		{06B5E5CB-3B02-45E8-B732-7DA766F988A0}.Debug|Windows-ARM.ActiveCfg = Debug|Any CPU
		{06B5E5CB-3B02-45E8-B732-7DA766F988A0}.Debug|Windows-ARM.Build.0 = Debug|Any CPU
		{06B5E5CB-3B02-45E8-B732-7DA766F988A0}.Debug|Windows-x64.ActiveCfg = Debug|Any CPU
		{06B5E5CB-3B02-45E8-B732-7DA766F988A0}.Debug|Windows-x64.Build.0 = Debug|Any CPU
		{06B5E5CB-3B02-45E8-B732-7DA766F988A0}.Debug|Windows-x86.ActiveCfg = Debug|Any CPU
		{06B5E5CB-3B02-45E8-B732-7DA766F988A0}.Debug|Windows-x86.Build.0 = Debug|Any CPU
		{06B5E5CB-3B02-45E8-B732-7DA766F988A0}.Release|Android.ActiveCfg = Release|Any CPU
		{06B5E5CB-3B02-45E8-B732-7DA766F988A0}.Release|Android.Build.0 = Release|Any CPU
		{06B5E5CB-3B02-45E8-B732-7DA766F988A0}.Release|Any CPU.ActiveCfg = Release|Any CPU
		{06B5E5CB-3B02-45E8-B732-7DA766F988A0}.Release|Any CPU.Build.0 = Release|Any CPU
		{06B5E5CB-3B02-45E8-B732-7DA766F988A0}.Release|iOS.ActiveCfg = Release|Any CPU
		{06B5E5CB-3B02-45E8-B732-7DA766F988A0}.Release|iOS.Build.0 = Release|Any CPU
		{06B5E5CB-3B02-45E8-B732-7DA766F988A0}.Release|Windows Phone (Universal).ActiveCfg = Release|Any CPU
		{06B5E5CB-3B02-45E8-B732-7DA766F988A0}.Release|Windows Phone (Universal).Build.0 = Release|Any CPU
		{06B5E5CB-3B02-45E8-B732-7DA766F988A0}.Release|Windows Phone 8.ActiveCfg = Release|Any CPU
		{06B5E5CB-3B02-45E8-B732-7DA766F988A0}.Release|Windows Phone 8.Build.0 = Release|Any CPU
		{06B5E5CB-3B02-45E8-B732-7DA766F988A0}.Release|Windows-AnyCPU.ActiveCfg = Release|Any CPU
		{06B5E5CB-3B02-45E8-B732-7DA766F988A0}.Release|Windows-AnyCPU.Build.0 = Release|Any CPU
		{06B5E5CB-3B02-45E8-B732-7DA766F988A0}.Release|Windows-ARM.ActiveCfg = Release|Any CPU
		{06B5E5CB-3B02-45E8-B732-7DA766F988A0}.Release|Windows-ARM.Build.0 = Release|Any CPU
		{06B5E5CB-3B02-45E8-B732-7DA766F988A0}.Release|Windows-x64.ActiveCfg = Release|Any CPU
		{06B5E5CB-3B02-45E8-B732-7DA766F988A0}.Release|Windows-x64.Build.0 = Release|Any CPU
		{06B5E5CB-3B02-45E8-B732-7DA766F988A0}.Release|Windows-x86.ActiveCfg = Release|Any CPU
		{06B5E5CB-3B02-45E8-B732-7DA766F988A0}.Release|Windows-x86.Build.0 = Release|Any CPU
		{59A5DD20-4207-4ED9-A1DF-868D863CCD3C}.Debug|Android.ActiveCfg = Debug|Any CPU
		{59A5DD20-4207-4ED9-A1DF-868D863CCD3C}.Debug|Android.Build.0 = Debug|Any CPU
		{59A5DD20-4207-4ED9-A1DF-868D863CCD3C}.Debug|Any CPU.ActiveCfg = Debug|Any CPU
		{59A5DD20-4207-4ED9-A1DF-868D863CCD3C}.Debug|Any CPU.Build.0 = Debug|Any CPU
		{59A5DD20-4207-4ED9-A1DF-868D863CCD3C}.Debug|iOS.ActiveCfg = Debug|Any CPU
		{59A5DD20-4207-4ED9-A1DF-868D863CCD3C}.Debug|iOS.Build.0 = Debug|Any CPU
		{59A5DD20-4207-4ED9-A1DF-868D863CCD3C}.Debug|Windows Phone (Universal).ActiveCfg = Debug|Any CPU
		{59A5DD20-4207-4ED9-A1DF-868D863CCD3C}.Debug|Windows Phone (Universal).Build.0 = Debug|Any CPU
		{59A5DD20-4207-4ED9-A1DF-868D863CCD3C}.Debug|Windows Phone 8.ActiveCfg = Debug|Any CPU
		{59A5DD20-4207-4ED9-A1DF-868D863CCD3C}.Debug|Windows Phone 8.Build.0 = Debug|Any CPU
		{59A5DD20-4207-4ED9-A1DF-868D863CCD3C}.Debug|Windows-AnyCPU.ActiveCfg = Debug|Any CPU
		{59A5DD20-4207-4ED9-A1DF-868D863CCD3C}.Debug|Windows-AnyCPU.Build.0 = Debug|Any CPU
		{59A5DD20-4207-4ED9-A1DF-868D863CCD3C}.Debug|Windows-ARM.ActiveCfg = Debug|Any CPU
		{59A5DD20-4207-4ED9-A1DF-868D863CCD3C}.Debug|Windows-ARM.Build.0 = Debug|Any CPU
		{59A5DD20-4207-4ED9-A1DF-868D863CCD3C}.Debug|Windows-x64.ActiveCfg = Debug|Any CPU
		{59A5DD20-4207-4ED9-A1DF-868D863CCD3C}.Debug|Windows-x64.Build.0 = Debug|Any CPU
		{59A5DD20-4207-4ED9-A1DF-868D863CCD3C}.Debug|Windows-x86.ActiveCfg = Debug|Any CPU
		{59A5DD20-4207-4ED9-A1DF-868D863CCD3C}.Debug|Windows-x86.Build.0 = Debug|Any CPU
		{59A5DD20-4207-4ED9-A1DF-868D863CCD3C}.Release|Android.ActiveCfg = Release|Any CPU
		{59A5DD20-4207-4ED9-A1DF-868D863CCD3C}.Release|Android.Build.0 = Release|Any CPU
		{59A5DD20-4207-4ED9-A1DF-868D863CCD3C}.Release|Any CPU.ActiveCfg = Release|Any CPU
		{59A5DD20-4207-4ED9-A1DF-868D863CCD3C}.Release|Any CPU.Build.0 = Release|Any CPU
		{59A5DD20-4207-4ED9-A1DF-868D863CCD3C}.Release|iOS.ActiveCfg = Release|Any CPU
		{59A5DD20-4207-4ED9-A1DF-868D863CCD3C}.Release|iOS.Build.0 = Release|Any CPU
		{59A5DD20-4207-4ED9-A1DF-868D863CCD3C}.Release|Windows Phone (Universal).ActiveCfg = Release|Any CPU
		{59A5DD20-4207-4ED9-A1DF-868D863CCD3C}.Release|Windows Phone (Universal).Build.0 = Release|Any CPU
		{59A5DD20-4207-4ED9-A1DF-868D863CCD3C}.Release|Windows Phone 8.ActiveCfg = Release|Any CPU
		{59A5DD20-4207-4ED9-A1DF-868D863CCD3C}.Release|Windows Phone 8.Build.0 = Release|Any CPU
		{59A5DD20-4207-4ED9-A1DF-868D863CCD3C}.Release|Windows-AnyCPU.ActiveCfg = Release|Any CPU
		{59A5DD20-4207-4ED9-A1DF-868D863CCD3C}.Release|Windows-AnyCPU.Build.0 = Release|Any CPU
		{59A5DD20-4207-4ED9-A1DF-868D863CCD3C}.Release|Windows-ARM.ActiveCfg = Release|Any CPU
		{59A5DD20-4207-4ED9-A1DF-868D863CCD3C}.Release|Windows-ARM.Build.0 = Release|Any CPU
		{59A5DD20-4207-4ED9-A1DF-868D863CCD3C}.Release|Windows-x64.ActiveCfg = Release|Any CPU
		{59A5DD20-4207-4ED9-A1DF-868D863CCD3C}.Release|Windows-x64.Build.0 = Release|Any CPU
		{59A5DD20-4207-4ED9-A1DF-868D863CCD3C}.Release|Windows-x86.ActiveCfg = Release|Any CPU
		{59A5DD20-4207-4ED9-A1DF-868D863CCD3C}.Release|Windows-x86.Build.0 = Release|Any CPU
		{0C72FB5A-9893-4070-8983-E87E602A9D23}.Debug|Android.ActiveCfg = Debug|Any CPU
		{0C72FB5A-9893-4070-8983-E87E602A9D23}.Debug|Android.Build.0 = Debug|Any CPU
		{0C72FB5A-9893-4070-8983-E87E602A9D23}.Debug|Any CPU.ActiveCfg = Debug|Any CPU
		{0C72FB5A-9893-4070-8983-E87E602A9D23}.Debug|Any CPU.Build.0 = Debug|Any CPU
		{0C72FB5A-9893-4070-8983-E87E602A9D23}.Debug|iOS.ActiveCfg = Debug|Any CPU
		{0C72FB5A-9893-4070-8983-E87E602A9D23}.Debug|iOS.Build.0 = Debug|Any CPU
		{0C72FB5A-9893-4070-8983-E87E602A9D23}.Debug|Windows Phone (Universal).ActiveCfg = Debug|Any CPU
		{0C72FB5A-9893-4070-8983-E87E602A9D23}.Debug|Windows Phone (Universal).Build.0 = Debug|Any CPU
		{0C72FB5A-9893-4070-8983-E87E602A9D23}.Debug|Windows Phone 8.ActiveCfg = Debug|Any CPU
		{0C72FB5A-9893-4070-8983-E87E602A9D23}.Debug|Windows Phone 8.Build.0 = Debug|Any CPU
		{0C72FB5A-9893-4070-8983-E87E602A9D23}.Debug|Windows-AnyCPU.ActiveCfg = Debug|Any CPU
		{0C72FB5A-9893-4070-8983-E87E602A9D23}.Debug|Windows-AnyCPU.Build.0 = Debug|Any CPU
		{0C72FB5A-9893-4070-8983-E87E602A9D23}.Debug|Windows-ARM.ActiveCfg = Debug|Any CPU
		{0C72FB5A-9893-4070-8983-E87E602A9D23}.Debug|Windows-ARM.Build.0 = Debug|Any CPU
		{0C72FB5A-9893-4070-8983-E87E602A9D23}.Debug|Windows-x64.ActiveCfg = Debug|Any CPU
		{0C72FB5A-9893-4070-8983-E87E602A9D23}.Debug|Windows-x64.Build.0 = Debug|Any CPU
		{0C72FB5A-9893-4070-8983-E87E602A9D23}.Debug|Windows-x86.ActiveCfg = Debug|Any CPU
		{0C72FB5A-9893-4070-8983-E87E602A9D23}.Debug|Windows-x86.Build.0 = Debug|Any CPU
		{0C72FB5A-9893-4070-8983-E87E602A9D23}.Release|Android.ActiveCfg = Release|Any CPU
		{0C72FB5A-9893-4070-8983-E87E602A9D23}.Release|Android.Build.0 = Release|Any CPU
		{0C72FB5A-9893-4070-8983-E87E602A9D23}.Release|Any CPU.ActiveCfg = Release|Any CPU
		{0C72FB5A-9893-4070-8983-E87E602A9D23}.Release|Any CPU.Build.0 = Release|Any CPU
		{0C72FB5A-9893-4070-8983-E87E602A9D23}.Release|iOS.ActiveCfg = Release|Any CPU
		{0C72FB5A-9893-4070-8983-E87E602A9D23}.Release|iOS.Build.0 = Release|Any CPU
		{0C72FB5A-9893-4070-8983-E87E602A9D23}.Release|Windows Phone (Universal).ActiveCfg = Release|Any CPU
		{0C72FB5A-9893-4070-8983-E87E602A9D23}.Release|Windows Phone (Universal).Build.0 = Release|Any CPU
		{0C72FB5A-9893-4070-8983-E87E602A9D23}.Release|Windows Phone 8.ActiveCfg = Release|Any CPU
		{0C72FB5A-9893-4070-8983-E87E602A9D23}.Release|Windows Phone 8.Build.0 = Release|Any CPU
		{0C72FB5A-9893-4070-8983-E87E602A9D23}.Release|Windows-AnyCPU.ActiveCfg = Release|Any CPU
		{0C72FB5A-9893-4070-8983-E87E602A9D23}.Release|Windows-AnyCPU.Build.0 = Release|Any CPU
		{0C72FB5A-9893-4070-8983-E87E602A9D23}.Release|Windows-ARM.ActiveCfg = Release|Any CPU
		{0C72FB5A-9893-4070-8983-E87E602A9D23}.Release|Windows-ARM.Build.0 = Release|Any CPU
		{0C72FB5A-9893-4070-8983-E87E602A9D23}.Release|Windows-x64.ActiveCfg = Release|Any CPU
		{0C72FB5A-9893-4070-8983-E87E602A9D23}.Release|Windows-x64.Build.0 = Release|Any CPU
		{0C72FB5A-9893-4070-8983-E87E602A9D23}.Release|Windows-x86.ActiveCfg = Release|Any CPU
		{0C72FB5A-9893-4070-8983-E87E602A9D23}.Release|Windows-x86.Build.0 = Release|Any CPU
		{D1990E81-96C5-4B5F-8CB2-05028BDFB969}.Debug|Android.ActiveCfg = Debug|Any CPU
		{D1990E81-96C5-4B5F-8CB2-05028BDFB969}.Debug|Android.Build.0 = Debug|Any CPU
		{D1990E81-96C5-4B5F-8CB2-05028BDFB969}.Debug|Any CPU.ActiveCfg = Debug|Any CPU
		{D1990E81-96C5-4B5F-8CB2-05028BDFB969}.Debug|Any CPU.Build.0 = Debug|Any CPU
		{D1990E81-96C5-4B5F-8CB2-05028BDFB969}.Debug|iOS.ActiveCfg = Debug|Any CPU
		{D1990E81-96C5-4B5F-8CB2-05028BDFB969}.Debug|iOS.Build.0 = Debug|Any CPU
		{D1990E81-96C5-4B5F-8CB2-05028BDFB969}.Debug|Windows Phone (Universal).ActiveCfg = Debug|Any CPU
		{D1990E81-96C5-4B5F-8CB2-05028BDFB969}.Debug|Windows Phone (Universal).Build.0 = Debug|Any CPU
		{D1990E81-96C5-4B5F-8CB2-05028BDFB969}.Debug|Windows Phone 8.ActiveCfg = Debug|Any CPU
		{D1990E81-96C5-4B5F-8CB2-05028BDFB969}.Debug|Windows Phone 8.Build.0 = Debug|Any CPU
		{D1990E81-96C5-4B5F-8CB2-05028BDFB969}.Debug|Windows-AnyCPU.ActiveCfg = Debug|Any CPU
		{D1990E81-96C5-4B5F-8CB2-05028BDFB969}.Debug|Windows-AnyCPU.Build.0 = Debug|Any CPU
		{D1990E81-96C5-4B5F-8CB2-05028BDFB969}.Debug|Windows-ARM.ActiveCfg = Debug|Any CPU
		{D1990E81-96C5-4B5F-8CB2-05028BDFB969}.Debug|Windows-ARM.Build.0 = Debug|Any CPU
		{D1990E81-96C5-4B5F-8CB2-05028BDFB969}.Debug|Windows-x64.ActiveCfg = Debug|Any CPU
		{D1990E81-96C5-4B5F-8CB2-05028BDFB969}.Debug|Windows-x64.Build.0 = Debug|Any CPU
		{D1990E81-96C5-4B5F-8CB2-05028BDFB969}.Debug|Windows-x86.ActiveCfg = Debug|Any CPU
		{D1990E81-96C5-4B5F-8CB2-05028BDFB969}.Debug|Windows-x86.Build.0 = Debug|Any CPU
		{D1990E81-96C5-4B5F-8CB2-05028BDFB969}.Release|Android.ActiveCfg = Release|Any CPU
		{D1990E81-96C5-4B5F-8CB2-05028BDFB969}.Release|Android.Build.0 = Release|Any CPU
		{D1990E81-96C5-4B5F-8CB2-05028BDFB969}.Release|Any CPU.ActiveCfg = Release|Any CPU
		{D1990E81-96C5-4B5F-8CB2-05028BDFB969}.Release|Any CPU.Build.0 = Release|Any CPU
		{D1990E81-96C5-4B5F-8CB2-05028BDFB969}.Release|iOS.ActiveCfg = Release|Any CPU
		{D1990E81-96C5-4B5F-8CB2-05028BDFB969}.Release|iOS.Build.0 = Release|Any CPU
		{D1990E81-96C5-4B5F-8CB2-05028BDFB969}.Release|Windows Phone (Universal).ActiveCfg = Release|Any CPU
		{D1990E81-96C5-4B5F-8CB2-05028BDFB969}.Release|Windows Phone (Universal).Build.0 = Release|Any CPU
		{D1990E81-96C5-4B5F-8CB2-05028BDFB969}.Release|Windows Phone 8.ActiveCfg = Release|Any CPU
		{D1990E81-96C5-4B5F-8CB2-05028BDFB969}.Release|Windows Phone 8.Build.0 = Release|Any CPU
		{D1990E81-96C5-4B5F-8CB2-05028BDFB969}.Release|Windows-AnyCPU.ActiveCfg = Release|Any CPU
		{D1990E81-96C5-4B5F-8CB2-05028BDFB969}.Release|Windows-AnyCPU.Build.0 = Release|Any CPU
		{D1990E81-96C5-4B5F-8CB2-05028BDFB969}.Release|Windows-ARM.ActiveCfg = Release|Any CPU
		{D1990E81-96C5-4B5F-8CB2-05028BDFB969}.Release|Windows-ARM.Build.0 = Release|Any CPU
		{D1990E81-96C5-4B5F-8CB2-05028BDFB969}.Release|Windows-x64.ActiveCfg = Release|Any CPU
		{D1990E81-96C5-4B5F-8CB2-05028BDFB969}.Release|Windows-x64.Build.0 = Release|Any CPU
		{D1990E81-96C5-4B5F-8CB2-05028BDFB969}.Release|Windows-x86.ActiveCfg = Release|Any CPU
		{D1990E81-96C5-4B5F-8CB2-05028BDFB969}.Release|Windows-x86.Build.0 = Release|Any CPU
		{F6163F95-DA23-49C6-B58B-CEF0CF0B2C83}.Debug|Android.ActiveCfg = Debug|Any CPU
		{F6163F95-DA23-49C6-B58B-CEF0CF0B2C83}.Debug|Android.Build.0 = Debug|Any CPU
		{F6163F95-DA23-49C6-B58B-CEF0CF0B2C83}.Debug|Any CPU.ActiveCfg = Debug|Any CPU
		{F6163F95-DA23-49C6-B58B-CEF0CF0B2C83}.Debug|Any CPU.Build.0 = Debug|Any CPU
		{F6163F95-DA23-49C6-B58B-CEF0CF0B2C83}.Debug|iOS.ActiveCfg = Debug|Any CPU
		{F6163F95-DA23-49C6-B58B-CEF0CF0B2C83}.Debug|iOS.Build.0 = Debug|Any CPU
		{F6163F95-DA23-49C6-B58B-CEF0CF0B2C83}.Debug|Windows Phone (Universal).ActiveCfg = Debug|Any CPU
		{F6163F95-DA23-49C6-B58B-CEF0CF0B2C83}.Debug|Windows Phone (Universal).Build.0 = Debug|Any CPU
		{F6163F95-DA23-49C6-B58B-CEF0CF0B2C83}.Debug|Windows Phone 8.ActiveCfg = Debug|Any CPU
		{F6163F95-DA23-49C6-B58B-CEF0CF0B2C83}.Debug|Windows Phone 8.Build.0 = Debug|Any CPU
		{F6163F95-DA23-49C6-B58B-CEF0CF0B2C83}.Debug|Windows-AnyCPU.ActiveCfg = Debug|Any CPU
		{F6163F95-DA23-49C6-B58B-CEF0CF0B2C83}.Debug|Windows-AnyCPU.Build.0 = Debug|Any CPU
		{F6163F95-DA23-49C6-B58B-CEF0CF0B2C83}.Debug|Windows-ARM.ActiveCfg = Debug|Any CPU
		{F6163F95-DA23-49C6-B58B-CEF0CF0B2C83}.Debug|Windows-ARM.Build.0 = Debug|Any CPU
		{F6163F95-DA23-49C6-B58B-CEF0CF0B2C83}.Debug|Windows-x64.ActiveCfg = Debug|Any CPU
		{F6163F95-DA23-49C6-B58B-CEF0CF0B2C83}.Debug|Windows-x64.Build.0 = Debug|Any CPU
		{F6163F95-DA23-49C6-B58B-CEF0CF0B2C83}.Debug|Windows-x86.ActiveCfg = Debug|Any CPU
		{F6163F95-DA23-49C6-B58B-CEF0CF0B2C83}.Debug|Windows-x86.Build.0 = Debug|Any CPU
		{F6163F95-DA23-49C6-B58B-CEF0CF0B2C83}.Release|Android.ActiveCfg = Release|Any CPU
		{F6163F95-DA23-49C6-B58B-CEF0CF0B2C83}.Release|Android.Build.0 = Release|Any CPU
		{F6163F95-DA23-49C6-B58B-CEF0CF0B2C83}.Release|Any CPU.ActiveCfg = Release|Any CPU
		{F6163F95-DA23-49C6-B58B-CEF0CF0B2C83}.Release|Any CPU.Build.0 = Release|Any CPU
		{F6163F95-DA23-49C6-B58B-CEF0CF0B2C83}.Release|iOS.ActiveCfg = Release|Any CPU
		{F6163F95-DA23-49C6-B58B-CEF0CF0B2C83}.Release|iOS.Build.0 = Release|Any CPU
		{F6163F95-DA23-49C6-B58B-CEF0CF0B2C83}.Release|Windows Phone (Universal).ActiveCfg = Release|Any CPU
		{F6163F95-DA23-49C6-B58B-CEF0CF0B2C83}.Release|Windows Phone (Universal).Build.0 = Release|Any CPU
		{F6163F95-DA23-49C6-B58B-CEF0CF0B2C83}.Release|Windows Phone 8.ActiveCfg = Release|Any CPU
		{F6163F95-DA23-49C6-B58B-CEF0CF0B2C83}.Release|Windows Phone 8.Build.0 = Release|Any CPU
		{F6163F95-DA23-49C6-B58B-CEF0CF0B2C83}.Release|Windows-AnyCPU.ActiveCfg = Release|Any CPU
		{F6163F95-DA23-49C6-B58B-CEF0CF0B2C83}.Release|Windows-AnyCPU.Build.0 = Release|Any CPU
		{F6163F95-DA23-49C6-B58B-CEF0CF0B2C83}.Release|Windows-ARM.ActiveCfg = Release|Any CPU
		{F6163F95-DA23-49C6-B58B-CEF0CF0B2C83}.Release|Windows-ARM.Build.0 = Release|Any CPU
		{F6163F95-DA23-49C6-B58B-CEF0CF0B2C83}.Release|Windows-x64.ActiveCfg = Release|Any CPU
		{F6163F95-DA23-49C6-B58B-CEF0CF0B2C83}.Release|Windows-x64.Build.0 = Release|Any CPU
		{F6163F95-DA23-49C6-B58B-CEF0CF0B2C83}.Release|Windows-x86.ActiveCfg = Release|Any CPU
		{F6163F95-DA23-49C6-B58B-CEF0CF0B2C83}.Release|Windows-x86.Build.0 = Release|Any CPU
		{AD3CE32B-152C-404B-BD65-F25B5D5B6AAF}.Debug|Android.ActiveCfg = Debug|Android
		{AD3CE32B-152C-404B-BD65-F25B5D5B6AAF}.Debug|Android.Build.0 = Debug|Android
		{AD3CE32B-152C-404B-BD65-F25B5D5B6AAF}.Debug|Android.Deploy.0 = Debug|Android
		{AD3CE32B-152C-404B-BD65-F25B5D5B6AAF}.Debug|Any CPU.ActiveCfg = Debug|Android
		{AD3CE32B-152C-404B-BD65-F25B5D5B6AAF}.Debug|iOS.ActiveCfg = Debug|iOS
		{AD3CE32B-152C-404B-BD65-F25B5D5B6AAF}.Debug|iOS.Build.0 = Debug|iOS
		{AD3CE32B-152C-404B-BD65-F25B5D5B6AAF}.Debug|iOS.Deploy.0 = Debug|iOS
		{AD3CE32B-152C-404B-BD65-F25B5D5B6AAF}.Debug|Windows Phone (Universal).ActiveCfg = Debug|Windows Phone (Universal)
		{AD3CE32B-152C-404B-BD65-F25B5D5B6AAF}.Debug|Windows Phone (Universal).Build.0 = Debug|Windows Phone (Universal)
		{AD3CE32B-152C-404B-BD65-F25B5D5B6AAF}.Debug|Windows Phone (Universal).Deploy.0 = Debug|Windows Phone (Universal)
		{AD3CE32B-152C-404B-BD65-F25B5D5B6AAF}.Debug|Windows Phone 8.ActiveCfg = Debug|Windows Phone 8
		{AD3CE32B-152C-404B-BD65-F25B5D5B6AAF}.Debug|Windows Phone 8.Build.0 = Debug|Windows Phone 8
		{AD3CE32B-152C-404B-BD65-F25B5D5B6AAF}.Debug|Windows Phone 8.Deploy.0 = Debug|Windows Phone 8
		{AD3CE32B-152C-404B-BD65-F25B5D5B6AAF}.Debug|Windows-AnyCPU.ActiveCfg = Debug|Windows-AnyCPU
		{AD3CE32B-152C-404B-BD65-F25B5D5B6AAF}.Debug|Windows-AnyCPU.Build.0 = Debug|Windows-AnyCPU
		{AD3CE32B-152C-404B-BD65-F25B5D5B6AAF}.Debug|Windows-AnyCPU.Deploy.0 = Debug|Windows-AnyCPU
		{AD3CE32B-152C-404B-BD65-F25B5D5B6AAF}.Debug|Windows-ARM.ActiveCfg = Debug|Windows-ARM
		{AD3CE32B-152C-404B-BD65-F25B5D5B6AAF}.Debug|Windows-ARM.Build.0 = Debug|Windows-ARM
		{AD3CE32B-152C-404B-BD65-F25B5D5B6AAF}.Debug|Windows-ARM.Deploy.0 = Debug|Windows-ARM
		{AD3CE32B-152C-404B-BD65-F25B5D5B6AAF}.Debug|Windows-x64.ActiveCfg = Debug|Windows-x64
		{AD3CE32B-152C-404B-BD65-F25B5D5B6AAF}.Debug|Windows-x64.Build.0 = Debug|Windows-x64
		{AD3CE32B-152C-404B-BD65-F25B5D5B6AAF}.Debug|Windows-x64.Deploy.0 = Debug|Windows-x64
		{AD3CE32B-152C-404B-BD65-F25B5D5B6AAF}.Debug|Windows-x86.ActiveCfg = Debug|Windows-x86
		{AD3CE32B-152C-404B-BD65-F25B5D5B6AAF}.Debug|Windows-x86.Build.0 = Debug|Windows-x86
		{AD3CE32B-152C-404B-BD65-F25B5D5B6AAF}.Debug|Windows-x86.Deploy.0 = Debug|Windows-x86
		{AD3CE32B-152C-404B-BD65-F25B5D5B6AAF}.Release|Android.ActiveCfg = Release|Android
		{AD3CE32B-152C-404B-BD65-F25B5D5B6AAF}.Release|Android.Build.0 = Release|Android
		{AD3CE32B-152C-404B-BD65-F25B5D5B6AAF}.Release|Android.Deploy.0 = Release|Android
		{AD3CE32B-152C-404B-BD65-F25B5D5B6AAF}.Release|Any CPU.ActiveCfg = Release|Android
		{AD3CE32B-152C-404B-BD65-F25B5D5B6AAF}.Release|iOS.ActiveCfg = Release|iOS
		{AD3CE32B-152C-404B-BD65-F25B5D5B6AAF}.Release|iOS.Build.0 = Release|iOS
		{AD3CE32B-152C-404B-BD65-F25B5D5B6AAF}.Release|iOS.Deploy.0 = Release|iOS
		{AD3CE32B-152C-404B-BD65-F25B5D5B6AAF}.Release|Windows Phone (Universal).ActiveCfg = Release|Windows Phone (Universal)
		{AD3CE32B-152C-404B-BD65-F25B5D5B6AAF}.Release|Windows Phone (Universal).Build.0 = Release|Windows Phone (Universal)
		{AD3CE32B-152C-404B-BD65-F25B5D5B6AAF}.Release|Windows Phone (Universal).Deploy.0 = Release|Windows Phone (Universal)
		{AD3CE32B-152C-404B-BD65-F25B5D5B6AAF}.Release|Windows Phone 8.ActiveCfg = Release|Windows Phone 8
		{AD3CE32B-152C-404B-BD65-F25B5D5B6AAF}.Release|Windows Phone 8.Build.0 = Release|Windows Phone 8
		{AD3CE32B-152C-404B-BD65-F25B5D5B6AAF}.Release|Windows Phone 8.Deploy.0 = Release|Windows Phone 8
		{AD3CE32B-152C-404B-BD65-F25B5D5B6AAF}.Release|Windows-AnyCPU.ActiveCfg = Release|Windows-AnyCPU
		{AD3CE32B-152C-404B-BD65-F25B5D5B6AAF}.Release|Windows-AnyCPU.Build.0 = Release|Windows-AnyCPU
		{AD3CE32B-152C-404B-BD65-F25B5D5B6AAF}.Release|Windows-AnyCPU.Deploy.0 = Release|Windows-AnyCPU
		{AD3CE32B-152C-404B-BD65-F25B5D5B6AAF}.Release|Windows-ARM.ActiveCfg = Release|Windows-ARM
		{AD3CE32B-152C-404B-BD65-F25B5D5B6AAF}.Release|Windows-ARM.Build.0 = Release|Windows-ARM
		{AD3CE32B-152C-404B-BD65-F25B5D5B6AAF}.Release|Windows-ARM.Deploy.0 = Release|Windows-ARM
		{AD3CE32B-152C-404B-BD65-F25B5D5B6AAF}.Release|Windows-x64.ActiveCfg = Release|Windows-x64
		{AD3CE32B-152C-404B-BD65-F25B5D5B6AAF}.Release|Windows-x64.Build.0 = Release|Windows-x64
		{AD3CE32B-152C-404B-BD65-F25B5D5B6AAF}.Release|Windows-x64.Deploy.0 = Release|Windows-x64
		{AD3CE32B-152C-404B-BD65-F25B5D5B6AAF}.Release|Windows-x86.ActiveCfg = Release|Windows-x86
		{AD3CE32B-152C-404B-BD65-F25B5D5B6AAF}.Release|Windows-x86.Build.0 = Release|Windows-x86
		{AD3CE32B-152C-404B-BD65-F25B5D5B6AAF}.Release|Windows-x86.Deploy.0 = Release|Windows-x86
		{47A24466-31A2-4884-A9CB-1F8FD538F8B9}.Debug|Android.ActiveCfg = Debug|Any CPU
		{47A24466-31A2-4884-A9CB-1F8FD538F8B9}.Debug|Android.Build.0 = Debug|Any CPU
		{47A24466-31A2-4884-A9CB-1F8FD538F8B9}.Debug|Any CPU.ActiveCfg = Debug|Any CPU
		{47A24466-31A2-4884-A9CB-1F8FD538F8B9}.Debug|Any CPU.Build.0 = Debug|Any CPU
		{47A24466-31A2-4884-A9CB-1F8FD538F8B9}.Debug|iOS.ActiveCfg = Debug|Any CPU
		{47A24466-31A2-4884-A9CB-1F8FD538F8B9}.Debug|iOS.Build.0 = Debug|Any CPU
		{47A24466-31A2-4884-A9CB-1F8FD538F8B9}.Debug|Windows Phone (Universal).ActiveCfg = Debug|Any CPU
		{47A24466-31A2-4884-A9CB-1F8FD538F8B9}.Debug|Windows Phone (Universal).Build.0 = Debug|Any CPU
		{47A24466-31A2-4884-A9CB-1F8FD538F8B9}.Debug|Windows Phone 8.ActiveCfg = Debug|Any CPU
		{47A24466-31A2-4884-A9CB-1F8FD538F8B9}.Debug|Windows Phone 8.Build.0 = Debug|Any CPU
		{47A24466-31A2-4884-A9CB-1F8FD538F8B9}.Debug|Windows-AnyCPU.ActiveCfg = Debug|Any CPU
		{47A24466-31A2-4884-A9CB-1F8FD538F8B9}.Debug|Windows-AnyCPU.Build.0 = Debug|Any CPU
		{47A24466-31A2-4884-A9CB-1F8FD538F8B9}.Debug|Windows-ARM.ActiveCfg = Debug|Any CPU
		{47A24466-31A2-4884-A9CB-1F8FD538F8B9}.Debug|Windows-ARM.Build.0 = Debug|Any CPU
		{47A24466-31A2-4884-A9CB-1F8FD538F8B9}.Debug|Windows-x64.ActiveCfg = Debug|Any CPU
		{47A24466-31A2-4884-A9CB-1F8FD538F8B9}.Debug|Windows-x64.Build.0 = Debug|Any CPU
		{47A24466-31A2-4884-A9CB-1F8FD538F8B9}.Debug|Windows-x86.ActiveCfg = Debug|Any CPU
		{47A24466-31A2-4884-A9CB-1F8FD538F8B9}.Debug|Windows-x86.Build.0 = Debug|Any CPU
		{47A24466-31A2-4884-A9CB-1F8FD538F8B9}.Release|Android.ActiveCfg = Release|Any CPU
		{47A24466-31A2-4884-A9CB-1F8FD538F8B9}.Release|Android.Build.0 = Release|Any CPU
		{47A24466-31A2-4884-A9CB-1F8FD538F8B9}.Release|Any CPU.ActiveCfg = Release|Any CPU
		{47A24466-31A2-4884-A9CB-1F8FD538F8B9}.Release|Any CPU.Build.0 = Release|Any CPU
		{47A24466-31A2-4884-A9CB-1F8FD538F8B9}.Release|iOS.ActiveCfg = Release|Any CPU
		{47A24466-31A2-4884-A9CB-1F8FD538F8B9}.Release|iOS.Build.0 = Release|Any CPU
		{47A24466-31A2-4884-A9CB-1F8FD538F8B9}.Release|Windows Phone (Universal).ActiveCfg = Release|Any CPU
		{47A24466-31A2-4884-A9CB-1F8FD538F8B9}.Release|Windows Phone (Universal).Build.0 = Release|Any CPU
		{47A24466-31A2-4884-A9CB-1F8FD538F8B9}.Release|Windows Phone 8.ActiveCfg = Release|Any CPU
		{47A24466-31A2-4884-A9CB-1F8FD538F8B9}.Release|Windows Phone 8.Build.0 = Release|Any CPU
		{47A24466-31A2-4884-A9CB-1F8FD538F8B9}.Release|Windows-AnyCPU.ActiveCfg = Release|Any CPU
		{47A24466-31A2-4884-A9CB-1F8FD538F8B9}.Release|Windows-AnyCPU.Build.0 = Release|Any CPU
		{47A24466-31A2-4884-A9CB-1F8FD538F8B9}.Release|Windows-ARM.ActiveCfg = Release|Any CPU
		{47A24466-31A2-4884-A9CB-1F8FD538F8B9}.Release|Windows-ARM.Build.0 = Release|Any CPU
		{47A24466-31A2-4884-A9CB-1F8FD538F8B9}.Release|Windows-x64.ActiveCfg = Release|Any CPU
		{47A24466-31A2-4884-A9CB-1F8FD538F8B9}.Release|Windows-x64.Build.0 = Release|Any CPU
		{47A24466-31A2-4884-A9CB-1F8FD538F8B9}.Release|Windows-x86.ActiveCfg = Release|Any CPU
		{47A24466-31A2-4884-A9CB-1F8FD538F8B9}.Release|Windows-x86.Build.0 = Release|Any CPU
	EndGlobalSection
	GlobalSection(SolutionProperties) = preSolution
		HideSolutionNode = FALSE
	EndGlobalSection
	GlobalSection(NestedProjects) = preSolution
		{2CCC3E82-63A3-4119-8101-E1F9EF922ACC} = {A9CEDE3B-1EFB-493C-8B95-37A19F41B7DE}
		{70F90D13-373F-4924-8157-BB1FB75BE720} = {2CCC3E82-63A3-4119-8101-E1F9EF922ACC}
		{06B5E5CB-3B02-45E8-B732-7DA766F988A0} = {5E5CE4C4-83B0-44A7-9074-F7A0BB32405C}
		{59A5DD20-4207-4ED9-A1DF-868D863CCD3C} = {5E5CE4C4-83B0-44A7-9074-F7A0BB32405C}
		{0C72FB5A-9893-4070-8983-E87E602A9D23} = {DE0E3BF4-C42A-41E9-9D2A-47FFFFECEFD3}
		{D1990E81-96C5-4B5F-8CB2-05028BDFB969} = {2CCC3E82-63A3-4119-8101-E1F9EF922ACC}
		{F6163F95-DA23-49C6-B58B-CEF0CF0B2C83} = {8FEA4BF6-D234-4388-8455-8C9CE4FC0EC4}
		{AD3CE32B-152C-404B-BD65-F25B5D5B6AAF} = {D05A7EA1-CEC8-4A06-899B-0640041D8BA3}
		{47A24466-31A2-4884-A9CB-1F8FD538F8B9} = {8675D736-7299-420F-8D31-1D0F5C7B871F}
		{8675D736-7299-420F-8D31-1D0F5C7B871F} = {A9CEDE3B-1EFB-493C-8B95-37A19F41B7DE}
	EndGlobalSection
EndGlobal
